
Microsoft Visual Studio Solution File, Format Version 12.00
# Visual Studio Version 17
VisualStudioVersion = 17.5.2.0
MinimumVisualStudioVersion = 10.0.40219.1
Project("{FAE04EC0-301F-11D3-BF4B-00C04F79EFBC}") = "asp.net-web-api", "asp.net-web-api\asp.net-web-api.csproj", "{69DCDA09-555C-71C6-5CA7-0E01D3D39028}"
EndProject
Project("{FAE04EC0-301F-11D3-BF4B-00C04F79EFBC}") = "asp.net-web-api.Tests", "asp.net-web-api.Tests\asp.net-web-api.Tests.csproj", "{2C4E2281-4E73-4CDB-AA8E-E4C487540CD3}"
EndProject
Global
	GlobalSection(SolutionConfigurationPlatforms) = preSolution
		Debug|Any CPU = Debug|Any CPU
		Debug|x64 = Debug|x64
		Debug|x86 = Debug|x86
		Release|Any CPU = Release|Any CPU
		Release|x64 = Release|x64
		Release|x86 = Release|x86
	EndGlobalSection
	GlobalSection(ProjectConfigurationPlatforms) = postSolution
		{69DCDA09-555C-71C6-5CA7-0E01D3D39028}.Debug|Any CPU.ActiveCfg = Debug|Any CPU
		{69DCDA09-555C-71C6-5CA7-0E01D3D39028}.Debug|Any CPU.Build.0 = Debug|Any CPU
		{69DCDA09-555C-71C6-5CA7-0E01D3D39028}.Debug|x64.ActiveCfg = Debug|Any CPU
		{69DCDA09-555C-71C6-5CA7-0E01D3D39028}.Debug|x64.Build.0 = Debug|Any CPU
		{69DCDA09-555C-71C6-5CA7-0E01D3D39028}.Debug|x86.ActiveCfg = Debug|Any CPU
		{69DCDA09-555C-71C6-5CA7-0E01D3D39028}.Debug|x86.Build.0 = Debug|Any CPU
		{69DCDA09-555C-71C6-5CA7-0E01D3D39028}.Release|Any CPU.ActiveCfg = Release|Any CPU
		{69DCDA09-555C-71C6-5CA7-0E01D3D39028}.Release|Any CPU.Build.0 = Release|Any CPU
		{69DCDA09-555C-71C6-5CA7-0E01D3D39028}.Release|x64.ActiveCfg = Release|Any CPU
		{69DCDA09-555C-71C6-5CA7-0E01D3D39028}.Release|x64.Build.0 = Release|Any CPU
		{69DCDA09-555C-71C6-5CA7-0E01D3D39028}.Release|x86.ActiveCfg = Release|Any CPU
		{69DCDA09-555C-71C6-5CA7-0E01D3D39028}.Release|x86.Build.0 = Release|Any CPU
		{2C4E2281-4E73-4CDB-AA8E-E4C487540CD3}.Debug|Any CPU.ActiveCfg = Debug|Any CPU
		{2C4E2281-4E73-4CDB-AA8E-E4C487540CD3}.Debug|Any CPU.Build.0 = Debug|Any CPU
		{2C4E2281-4E73-4CDB-AA8E-E4C487540CD3}.Debug|x64.ActiveCfg = Debug|Any CPU
		{2C4E2281-4E73-4CDB-AA8E-E4C487540CD3}.Debug|x64.Build.0 = Debug|Any CPU
		{2C4E2281-4E73-4CDB-AA8E-E4C487540CD3}.Debug|x86.ActiveCfg = Debug|Any CPU
		{2C4E2281-4E73-4CDB-AA8E-E4C487540CD3}.Debug|x86.Build.0 = Debug|Any CPU
		{2C4E2281-4E73-4CDB-AA8E-E4C487540CD3}.Release|Any CPU.ActiveCfg = Release|Any CPU
		{2C4E2281-4E73-4CDB-AA8E-E4C487540CD3}.Release|Any CPU.Build.0 = Release|Any CPU
		{2C4E2281-4E73-4CDB-AA8E-E4C487540CD3}.Release|x64.ActiveCfg = Release|Any CPU
		{2C4E2281-4E73-4CDB-AA8E-E4C487540CD3}.Release|x64.Build.0 = Release|Any CPU
		{2C4E2281-4E73-4CDB-AA8E-E4C487540CD3}.Release|x86.ActiveCfg = Release|Any CPU
		{2C4E2281-4E73-4CDB-AA8E-E4C487540CD3}.Release|x86.Build.0 = Release|Any CPU
	EndGlobalSection
	GlobalSection(SolutionProperties) = preSolution
		HideSolutionNode = FALSE
	EndGlobalSection
	GlobalSection(ExtensibilityGlobals) = postSolution
		SolutionGuid = {41BC8A7D-38AF-479D-B7C3-07F571C91E83}
	EndGlobalSection
EndGlobal
